
Microsoft Visual Studio Solution File, Format Version 12.00
# Visual Studio 15
Project("{FAE04EC0-301F-11D3-BF4B-00C04F79EFBC}") = "CollectionViewExemplo.Android", "CollectionViewExemplo.Android\CollectionViewExemplo.Android.csproj", "{8A3A775D-F6D1-496E-AE21-26921037B8B3}"
EndProject
Project("{FAE04EC0-301F-11D3-BF4B-00C04F79EFBC}") = "CollectionViewExemplo.iOS", "CollectionViewExemplo.iOS\CollectionViewExemplo.iOS.csproj", "{D5AA74D9-C0C9-4DA4-9898-C544DAEFB967}"
EndProject
Project("{FAE04EC0-301F-11D3-BF4B-00C04F79EFBC}") = "CollectionViewExemplo", "CollectionViewExemplo\CollectionViewExemplo.csproj", "{28E7BA4E-5D3B-43FF-A2CA-5590E2E3FE7C}"
EndProject
Global
	GlobalSection(SolutionConfigurationPlatforms) = preSolution
		Debug|Any CPU = Debug|Any CPU
		Release|Any CPU = Release|Any CPU
		Debug|iPhoneSimulator = Debug|iPhoneSimulator
		Release|iPhoneSimulator = Release|iPhoneSimulator
		Debug|iPhone = Debug|iPhone
		Release|iPhone = Release|iPhone
		Ad-Hoc|iPhone = Ad-Hoc|iPhone
		AppStore|iPhone = AppStore|iPhone
	EndGlobalSection
	GlobalSection(ProjectConfigurationPlatforms) = postSolution
		{8A3A775D-F6D1-496E-AE21-26921037B8B3}.Debug|Any CPU.ActiveCfg = Debug|Any CPU
		{8A3A775D-F6D1-496E-AE21-26921037B8B3}.Debug|Any CPU.Build.0 = Debug|Any CPU
		{8A3A775D-F6D1-496E-AE21-26921037B8B3}.Release|Any CPU.ActiveCfg = Release|Any CPU
		{8A3A775D-F6D1-496E-AE21-26921037B8B3}.Release|Any CPU.Build.0 = Release|Any CPU
		{8A3A775D-F6D1-496E-AE21-26921037B8B3}.Debug|iPhoneSimulator.ActiveCfg = Debug|Any CPU
		{8A3A775D-F6D1-496E-AE21-26921037B8B3}.Debug|iPhoneSimulator.Build.0 = Debug|Any CPU
		{8A3A775D-F6D1-496E-AE21-26921037B8B3}.Release|iPhoneSimulator.ActiveCfg = Release|Any CPU
		{8A3A775D-F6D1-496E-AE21-26921037B8B3}.Release|iPhoneSimulator.Build.0 = Release|Any CPU
		{8A3A775D-F6D1-496E-AE21-26921037B8B3}.Debug|iPhone.ActiveCfg = Debug|Any CPU
		{8A3A775D-F6D1-496E-AE21-26921037B8B3}.Debug|iPhone.Build.0 = Debug|Any CPU
		{8A3A775D-F6D1-496E-AE21-26921037B8B3}.Release|iPhone.ActiveCfg = Release|Any CPU
		{8A3A775D-F6D1-496E-AE21-26921037B8B3}.Release|iPhone.Build.0 = Release|Any CPU
		{8A3A775D-F6D1-496E-AE21-26921037B8B3}.Ad-Hoc|iPhone.ActiveCfg = Debug|Any CPU
		{8A3A775D-F6D1-496E-AE21-26921037B8B3}.Ad-Hoc|iPhone.Build.0 = Debug|Any CPU
		{8A3A775D-F6D1-496E-AE21-26921037B8B3}.AppStore|iPhone.ActiveCfg = Debug|Any CPU
		{8A3A775D-F6D1-496E-AE21-26921037B8B3}.AppStore|iPhone.Build.0 = Debug|Any CPU
		{D5AA74D9-C0C9-4DA4-9898-C544DAEFB967}.Debug|Any CPU.ActiveCfg = Debug|iPhoneSimulator
		{D5AA74D9-C0C9-4DA4-9898-C544DAEFB967}.Debug|Any CPU.Build.0 = Debug|iPhoneSimulator
		{D5AA74D9-C0C9-4DA4-9898-C544DAEFB967}.Release|Any CPU.ActiveCfg = Release|iPhoneSimulator
		{D5AA74D9-C0C9-4DA4-9898-C544DAEFB967}.Release|Any CPU.Build.0 = Release|iPhoneSimulator
		{D5AA74D9-C0C9-4DA4-9898-C544DAEFB967}.Debug|iPhoneSimulator.ActiveCfg = Debug|iPhoneSimulator
		{D5AA74D9-C0C9-4DA4-9898-C544DAEFB967}.Debug|iPhoneSimulator.Build.0 = Debug|iPhoneSimulator
		{D5AA74D9-C0C9-4DA4-9898-C544DAEFB967}.Release|iPhoneSimulator.ActiveCfg = Release|iPhoneSimulator
		{D5AA74D9-C0C9-4DA4-9898-C544DAEFB967}.Release|iPhoneSimulator.Build.0 = Release|iPhoneSimulator
		{D5AA74D9-C0C9-4DA4-9898-C544DAEFB967}.Debug|iPhone.ActiveCfg = Debug|iPhone
		{D5AA74D9-C0C9-4DA4-9898-C544DAEFB967}.Debug|iPhone.Build.0 = Debug|iPhone
		{D5AA74D9-C0C9-4DA4-9898-C544DAEFB967}.Release|iPhone.ActiveCfg = Release|iPhone
		{D5AA74D9-C0C9-4DA4-9898-C544DAEFB967}.Release|iPhone.Build.0 = Release|iPhone
		{D5AA74D9-C0C9-4DA4-9898-C544DAEFB967}.Ad-Hoc|iPhone.ActiveCfg = Ad-Hoc|iPhone
		{D5AA74D9-C0C9-4DA4-9898-C544DAEFB967}.Ad-Hoc|iPhone.Build.0 = Ad-Hoc|iPhone
		{D5AA74D9-C0C9-4DA4-9898-C544DAEFB967}.AppStore|iPhone.ActiveCfg = AppStore|iPhone
		{D5AA74D9-C0C9-4DA4-9898-C544DAEFB967}.AppStore|iPhone.Build.0 = AppStore|iPhone
		{28E7BA4E-5D3B-43FF-A2CA-5590E2E3FE7C}.Debug|Any CPU.ActiveCfg = Debug|Any CPU
		{28E7BA4E-5D3B-43FF-A2CA-5590E2E3FE7C}.Debug|Any CPU.Build.0 = Debug|Any CPU
		{28E7BA4E-5D3B-43FF-A2CA-5590E2E3FE7C}.Release|Any CPU.ActiveCfg = Release|Any CPU
		{28E7BA4E-5D3B-43FF-A2CA-5590E2E3FE7C}.Release|Any CPU.Build.0 = Release|Any CPU
		{28E7BA4E-5D3B-43FF-A2CA-5590E2E3FE7C}.Debug|iPhoneSimulator.ActiveCfg = Debug|Any CPU
		{28E7BA4E-5D3B-43FF-A2CA-5590E2E3FE7C}.Debug|iPhoneSimulator.Build.0 = Debug|Any CPU
		{28E7BA4E-5D3B-43FF-A2CA-5590E2E3FE7C}.Release|iPhoneSimulator.ActiveCfg = Release|Any CPU
		{28E7BA4E-5D3B-43FF-A2CA-5590E2E3FE7C}.Release|iPhoneSimulator.Build.0 = Release|Any CPU
		{28E7BA4E-5D3B-43FF-A2CA-5590E2E3FE7C}.Debug|iPhone.ActiveCfg = Debug|Any CPU
		{28E7BA4E-5D3B-43FF-A2CA-5590E2E3FE7C}.Debug|iPhone.Build.0 = Debug|Any CPU
		{28E7BA4E-5D3B-43FF-A2CA-5590E2E3FE7C}.Release|iPhone.ActiveCfg = Release|Any CPU
		{28E7BA4E-5D3B-43FF-A2CA-5590E2E3FE7C}.Release|iPhone.Build.0 = Release|Any CPU
		{28E7BA4E-5D3B-43FF-A2CA-5590E2E3FE7C}.Ad-Hoc|iPhone.ActiveCfg = Debug|Any CPU
		{28E7BA4E-5D3B-43FF-A2CA-5590E2E3FE7C}.Ad-Hoc|iPhone.Build.0 = Debug|Any CPU
		{28E7BA4E-5D3B-43FF-A2CA-5590E2E3FE7C}.AppStore|iPhone.ActiveCfg = Debug|Any CPU
		{28E7BA4E-5D3B-43FF-A2CA-5590E2E3FE7C}.AppStore|iPhone.Build.0 = Debug|Any CPU
	EndGlobalSection
EndGlobal
